
Microsoft Visual Studio Solution File, Format Version 12.00
# Visual Studio Version 18
VisualStudioVersion = 18.1.11312.151
MinimumVisualStudioVersion = 10.0.40219.1
Project("{2150E333-8FDC-42A3-9474-1A3956D46DE8}") = "src", "src", "{827E0CD3-B72D-47B6-A68D-7590B98EB39B}"
EndProject
Project("{FAE04EC0-301F-11D3-BF4B-00C04F79EFBC}") = "Vera.Domain", "src\Vera.Domain\Vera.Domain.csproj", "{87A898DC-5E44-48F0-9353-6E236BAE8C53}"
EndProject
Project("{FAE04EC0-301F-11D3-BF4B-00C04F79EFBC}") = "Vera.Application", "src\Vera.Application\Vera.Application.csproj", "{0AC32B13-2911-4AE3-93E3-5B8E0888B21C}"
EndProject
Project("{FAE04EC0-301F-11D3-BF4B-00C04F79EFBC}") = "Vera.Infrastructure", "src\Vera.Infrastructure\Vera.Infrastructure.csproj", "{827A52AF-C6AE-492A-838B-0953E327EAB8}"
EndProject
Project("{FAE04EC0-301F-11D3-BF4B-00C04F79EFBC}") = "Vera.API", "src\Vera.API\Vera.API.csproj", "{89530590-A64D-4312-8CD9-1E0A33004C6D}"
EndProject
Project("{FAE04EC0-301F-11D3-BF4B-00C04F79EFBC}") = "Vera.BlazorHybrid", "src\Vera.BlazorHybrid\Vera.BlazorHybrid.csproj", "{83237AFC-1991-4597-95D9-C53126134930}"
EndProject
Project("{FAE04EC0-301F-11D3-BF4B-00C04F79EFBC}") = "Vera.ServiceDefaults", "src\Vera.ServiceDefaults\Vera.ServiceDefaults.csproj", "{A0085505-D3CD-4B4C-8FEB-49DD4491BE06}"
EndProject
Project("{FAE04EC0-301F-11D3-BF4B-00C04F79EFBC}") = "Vera.AppHost", "src\Vera.AppHost\Vera.AppHost.csproj", "{CC319EE9-CB79-5E0E-8523-8C0694772916}"
EndProject
Global
	GlobalSection(SolutionConfigurationPlatforms) = preSolution
		Debug|Any CPU = Debug|Any CPU
		Debug|x64 = Debug|x64
		Debug|x86 = Debug|x86
		Release|Any CPU = Release|Any CPU
		Release|x64 = Release|x64
		Release|x86 = Release|x86
	EndGlobalSection
	GlobalSection(ProjectConfigurationPlatforms) = postSolution
		{87A898DC-5E44-48F0-9353-6E236BAE8C53}.Debug|Any CPU.ActiveCfg = Debug|Any CPU
		{87A898DC-5E44-48F0-9353-6E236BAE8C53}.Debug|Any CPU.Build.0 = Debug|Any CPU
		{87A898DC-5E44-48F0-9353-6E236BAE8C53}.Debug|x64.ActiveCfg = Debug|Any CPU
		{87A898DC-5E44-48F0-9353-6E236BAE8C53}.Debug|x64.Build.0 = Debug|Any CPU
		{87A898DC-5E44-48F0-9353-6E236BAE8C53}.Debug|x86.ActiveCfg = Debug|Any CPU
		{87A898DC-5E44-48F0-9353-6E236BAE8C53}.Debug|x86.Build.0 = Debug|Any CPU
		{87A898DC-5E44-48F0-9353-6E236BAE8C53}.Release|Any CPU.ActiveCfg = Release|Any CPU
		{87A898DC-5E44-48F0-9353-6E236BAE8C53}.Release|Any CPU.Build.0 = Release|Any CPU
		{87A898DC-5E44-48F0-9353-6E236BAE8C53}.Release|x64.ActiveCfg = Release|Any CPU
		{87A898DC-5E44-48F0-9353-6E236BAE8C53}.Release|x64.Build.0 = Release|Any CPU
		{87A898DC-5E44-48F0-9353-6E236BAE8C53}.Release|x86.ActiveCfg = Release|Any CPU
		{87A898DC-5E44-48F0-9353-6E236BAE8C53}.Release|x86.Build.0 = Release|Any CPU
		{0AC32B13-2911-4AE3-93E3-5B8E0888B21C}.Debug|Any CPU.ActiveCfg = Debug|Any CPU
		{0AC32B13-2911-4AE3-93E3-5B8E0888B21C}.Debug|Any CPU.Build.0 = Debug|Any CPU
		{0AC32B13-2911-4AE3-93E3-5B8E0888B21C}.Debug|x64.ActiveCfg = Debug|Any CPU
		{0AC32B13-2911-4AE3-93E3-5B8E0888B21C}.Debug|x64.Build.0 = Debug|Any CPU
		{0AC32B13-2911-4AE3-93E3-5B8E0888B21C}.Debug|x86.ActiveCfg = Debug|Any CPU
		{0AC32B13-2911-4AE3-93E3-5B8E0888B21C}.Debug|x86.Build.0 = Debug|Any CPU
		{0AC32B13-2911-4AE3-93E3-5B8E0888B21C}.Release|Any CPU.ActiveCfg = Release|Any CPU
		{0AC32B13-2911-4AE3-93E3-5B8E0888B21C}.Release|Any CPU.Build.0 = Release|Any CPU
		{0AC32B13-2911-4AE3-93E3-5B8E0888B21C}.Release|x64.ActiveCfg = Release|Any CPU
		{0AC32B13-2911-4AE3-93E3-5B8E0888B21C}.Release|x64.Build.0 = Release|Any CPU
		{0AC32B13-2911-4AE3-93E3-5B8E0888B21C}.Release|x86.ActiveCfg = Release|Any CPU
		{0AC32B13-2911-4AE3-93E3-5B8E0888B21C}.Release|x86.Build.0 = Release|Any CPU
		{827A52AF-C6AE-492A-838B-0953E327EAB8}.Debug|Any CPU.ActiveCfg = Debug|Any CPU
		{827A52AF-C6AE-492A-838B-0953E327EAB8}.Debug|Any CPU.Build.0 = Debug|Any CPU
		{827A52AF-C6AE-492A-838B-0953E327EAB8}.Debug|x64.ActiveCfg = Debug|Any CPU
		{827A52AF-C6AE-492A-838B-0953E327EAB8}.Debug|x64.Build.0 = Debug|Any CPU
		{827A52AF-C6AE-492A-838B-0953E327EAB8}.Debug|x86.ActiveCfg = Debug|Any CPU
		{827A52AF-C6AE-492A-838B-0953E327EAB8}.Debug|x86.Build.0 = Debug|Any CPU
		{827A52AF-C6AE-492A-838B-0953E327EAB8}.Release|Any CPU.ActiveCfg = Release|Any CPU
		{827A52AF-C6AE-492A-838B-0953E327EAB8}.Release|Any CPU.Build.0 = Release|Any CPU
		{827A52AF-C6AE-492A-838B-0953E327EAB8}.Release|x64.ActiveCfg = Release|Any CPU
		{827A52AF-C6AE-492A-838B-0953E327EAB8}.Release|x64.Build.0 = Release|Any CPU
		{827A52AF-C6AE-492A-838B-0953E327EAB8}.Release|x86.ActiveCfg = Release|Any CPU
		{827A52AF-C6AE-492A-838B-0953E327EAB8}.Release|x86.Build.0 = Release|Any CPU
		{89530590-A64D-4312-8CD9-1E0A33004C6D}.Debug|Any CPU.ActiveCfg = Debug|Any CPU
		{89530590-A64D-4312-8CD9-1E0A33004C6D}.Debug|Any CPU.Build.0 = Debug|Any CPU
		{89530590-A64D-4312-8CD9-1E0A33004C6D}.Debug|x64.ActiveCfg = Debug|Any CPU
		{89530590-A64D-4312-8CD9-1E0A33004C6D}.Debug|x64.Build.0 = Debug|Any CPU
		{89530590-A64D-4312-8CD9-1E0A33004C6D}.Debug|x86.ActiveCfg = Debug|Any CPU
		{89530590-A64D-4312-8CD9-1E0A33004C6D}.Debug|x86.Build.0 = Debug|Any CPU
		{89530590-A64D-4312-8CD9-1E0A33004C6D}.Release|Any CPU.ActiveCfg = Release|Any CPU
		{89530590-A64D-4312-8CD9-1E0A33004C6D}.Release|Any CPU.Build.0 = Release|Any CPU
		{89530590-A64D-4312-8CD9-1E0A33004C6D}.Release|x64.ActiveCfg = Release|Any CPU
		{89530590-A64D-4312-8CD9-1E0A33004C6D}.Release|x64.Build.0 = Release|Any CPU
		{89530590-A64D-4312-8CD9-1E0A33004C6D}.Release|x86.ActiveCfg = Release|Any CPU
		{89530590-A64D-4312-8CD9-1E0A33004C6D}.Release|x86.Build.0 = Release|Any CPU
		{83237AFC-1991-4597-95D9-C53126134930}.Debug|Any CPU.ActiveCfg = Debug|Any CPU
		{83237AFC-1991-4597-95D9-C53126134930}.Debug|Any CPU.Build.0 = Debug|Any CPU
		{83237AFC-1991-4597-95D9-C53126134930}.Debug|x64.ActiveCfg = Debug|Any CPU
		{83237AFC-1991-4597-95D9-C53126134930}.Debug|x64.Build.0 = Debug|Any CPU
		{83237AFC-1991-4597-95D9-C53126134930}.Debug|x86.ActiveCfg = Debug|Any CPU
		{83237AFC-1991-4597-95D9-C53126134930}.Debug|x86.Build.0 = Debug|Any CPU
		{83237AFC-1991-4597-95D9-C53126134930}.Release|Any CPU.ActiveCfg = Release|Any CPU
		{83237AFC-1991-4597-95D9-C53126134930}.Release|Any CPU.Build.0 = Release|Any CPU
		{83237AFC-1991-4597-95D9-C53126134930}.Release|x64.ActiveCfg = Release|Any CPU
		{83237AFC-1991-4597-95D9-C53126134930}.Release|x64.Build.0 = Release|Any CPU
		{83237AFC-1991-4597-95D9-C53126134930}.Release|x86.ActiveCfg = Release|Any CPU
		{83237AFC-1991-4597-95D9-C53126134930}.Release|x86.Build.0 = Release|Any CPU
		{A0085505-D3CD-4B4C-8FEB-49DD4491BE06}.Debug|Any CPU.ActiveCfg = Debug|Any CPU
		{A0085505-D3CD-4B4C-8FEB-49DD4491BE06}.Debug|Any CPU.Build.0 = Debug|Any CPU
		{A0085505-D3CD-4B4C-8FEB-49DD4491BE06}.Debug|x64.ActiveCfg = Debug|Any CPU
		{A0085505-D3CD-4B4C-8FEB-49DD4491BE06}.Debug|x64.Build.0 = Debug|Any CPU
		{A0085505-D3CD-4B4C-8FEB-49DD4491BE06}.Debug|x86.ActiveCfg = Debug|Any CPU
		{A0085505-D3CD-4B4C-8FEB-49DD4491BE06}.Debug|x86.Build.0 = Debug|Any CPU
		{A0085505-D3CD-4B4C-8FEB-49DD4491BE06}.Release|Any CPU.ActiveCfg = Release|Any CPU
		{A0085505-D3CD-4B4C-8FEB-49DD4491BE06}.Release|Any CPU.Build.0 = Release|Any CPU
		{A0085505-D3CD-4B4C-8FEB-49DD4491BE06}.Release|x64.ActiveCfg = Release|Any CPU
		{A0085505-D3CD-4B4C-8FEB-49DD4491BE06}.Release|x64.Build.0 = Release|Any CPU
		{A0085505-D3CD-4B4C-8FEB-49DD4491BE06}.Release|x86.ActiveCfg = Release|Any CPU
		{A0085505-D3CD-4B4C-8FEB-49DD4491BE06}.Release|x86.Build.0 = Release|Any CPU
		{CC319EE9-CB79-5E0E-8523-8C0694772916}.Debug|Any CPU.ActiveCfg = Debug|Any CPU
		{CC319EE9-CB79-5E0E-8523-8C0694772916}.Debug|Any CPU.Build.0 = Debug|Any CPU
		{CC319EE9-CB79-5E0E-8523-8C0694772916}.Debug|x64.ActiveCfg = Debug|Any CPU
		{CC319EE9-CB79-5E0E-8523-8C0694772916}.Debug|x64.Build.0 = Debug|Any CPU
		{CC319EE9-CB79-5E0E-8523-8C0694772916}.Debug|x86.ActiveCfg = Debug|Any CPU
		{CC319EE9-CB79-5E0E-8523-8C0694772916}.Debug|x86.Build.0 = Debug|Any CPU
		{CC319EE9-CB79-5E0E-8523-8C0694772916}.Release|Any CPU.ActiveCfg = Release|Any CPU
		{CC319EE9-CB79-5E0E-8523-8C0694772916}.Release|Any CPU.Build.0 = Release|Any CPU
		{CC319EE9-CB79-5E0E-8523-8C0694772916}.Release|x64.ActiveCfg = Release|Any CPU
		{CC319EE9-CB79-5E0E-8523-8C0694772916}.Release|x64.Build.0 = Release|Any CPU
		{CC319EE9-CB79-5E0E-8523-8C0694772916}.Release|x86.ActiveCfg = Release|Any CPU
		{CC319EE9-CB79-5E0E-8523-8C0694772916}.Release|x86.Build.0 = Release|Any CPU
	EndGlobalSection
	GlobalSection(SolutionProperties) = preSolution
		HideSolutionNode = FALSE
	EndGlobalSection
	GlobalSection(NestedProjects) = preSolution
		{87A898DC-5E44-48F0-9353-6E236BAE8C53} = {827E0CD3-B72D-47B6-A68D-7590B98EB39B}
		{0AC32B13-2911-4AE3-93E3-5B8E0888B21C} = {827E0CD3-B72D-47B6-A68D-7590B98EB39B}
		{827A52AF-C6AE-492A-838B-0953E327EAB8} = {827E0CD3-B72D-47B6-A68D-7590B98EB39B}
		{89530590-A64D-4312-8CD9-1E0A33004C6D} = {827E0CD3-B72D-47B6-A68D-7590B98EB39B}
		{83237AFC-1991-4597-95D9-C53126134930} = {827E0CD3-B72D-47B6-A68D-7590B98EB39B}
		{A0085505-D3CD-4B4C-8FEB-49DD4491BE06} = {827E0CD3-B72D-47B6-A68D-7590B98EB39B}
		{CC319EE9-CB79-5E0E-8523-8C0694772916} = {827E0CD3-B72D-47B6-A68D-7590B98EB39B}
	EndGlobalSection
	GlobalSection(ExtensibilityGlobals) = postSolution
		SolutionGuid = {4D21D319-2EFE-4857-ADEE-C0EB06456631}
	EndGlobalSection
EndGlobal
